Microsoft Visual Studio Solution File, Format Version 11.00
# Visual Studio 2008

Project("{5FF45B45-85BD-F6AF-8476-635091ECB20D}") = "MTS31_XNA", "Assembly-CSharp-vs.csproj", "{748E417F-6F8D-2180-7AC0-C966B5A9FA5D}"
EndProject
Global
	GlobalSection(SolutionConfigurationPlatforms) = preSolution
		Debug|Any CPU = Debug|Any CPU
		Release|Any CPU = Release|Any CPU
	EndGlobalSection
	GlobalSection(ProjectConfigurationPlatforms) = postSolution
		{748E417F-6F8D-2180-7AC0-C966B5A9FA5D}.Debug|Any CPU.ActiveCfg = Debug|Any CPU
		{748E417F-6F8D-2180-7AC0-C966B5A9FA5D}.Debug|Any CPU.Build.0 = Debug|Any CPU
		{748E417F-6F8D-2180-7AC0-C966B5A9FA5D}.Release|Any CPU.ActiveCfg = Release|Any CPU
		{748E417F-6F8D-2180-7AC0-C966B5A9FA5D}.Release|Any CPU.Build.0 = Release|Any CPU
	EndGlobalSection
	GlobalSection(SolutionProperties) = preSolution
		HideSolutionNode = FALSE
	EndGlobalSection
				GlobalSection(MonoDevelopProperties) = preSolution
		StartupItem = Assembly-CSharp.csproj
		Policies = $0
		$0.TextStylePolicy = $1
		$1.inheritsSet = null
		$1.scope = text/x-csharp
		$0.CSharpFormattingPolicy = $2
		$2.inheritsSet = Mono
		$2.inheritsScope = text/x-csharp
		$2.scope = text/x-csharp
		$0.TextStylePolicy = $3
		$3.FileWidth = 120
		$3.TabWidth = 4
		$3.EolMarker = Unix
		$3.inheritsSet = Mono
		$3.inheritsScope = text/plain
		$3.scope = text/plain
	EndGlobalSection

EndGlobal
